<?xml version="1.0" encoding="utf-8"?>
<Project ToolsVersion="4.0" xmlns="http://schemas.microsoft.com/developer/msbuild/2003">
  <ItemGroup>
    <Filter Include="Source Files">
      <UniqueIdentifier>{b9885714-a439-49ca-971b-ef20ab6b28cd}</UniqueIdentifier>
      <Extensions>cpp;c;cxx;rc;def;r;odl;idl;hpj;bat</Extensions>
    </Filter>
    <Filter Include="Header Files">
      <UniqueIdentifier>{6af07947-ba27-4619-b73b-2737885ec5f2}</UniqueIdentifier>
      <Extensions>h;hpp;hxx;hm;inl</Extensions>
    </Filter>
  </ItemGroup>
  <ItemGroup>
    <ClCompile Include="src\BlockTable.cpp">
      <Filter>Source Files</Filter>
    </ClCompile>
    <ClCompile Include="src\ColorTable.cpp">
      <Filter>Source Files</Filter>
    </ClCompile>
    <ClCompile Include="src\DxfBlock.cpp">
      <Filter>Source Files</Filter>
    </ClCompile>
    <ClCompile Include="src\DxfLayer.cpp">
      <Filter>Source Files</Filter>
    </ClCompile>
    <ClCompile Include="src\DxfLineType.cpp">
      <Filter>Source Files</Filter>
    </ClCompile>
    <ClCompile Include="src\DxfNameTable.cpp">
      <Filter>Source Files</Filter>
    </ClCompile>
    <ClCompile Include="src\DxfPattern.cpp">
      <Filter>Source Files</Filter>
    </ClCompile>
    <ClCompile Include="src\DxfRead.cpp">
      <Filter>Source Files</Filter>
    </ClCompile>
    <ClCompile Include="src\DxfReader.cpp">
      <Filter>Source Files</Filter>
    </ClCompile>
    <ClCompile Include="src\HeaderTable.cpp">
      <Filter>Source Files</Filter>
    </ClCompile>
    <ClCompile Include="src\IntNameTable.cpp">
      <Filter>Source Files</Filter>
    </ClCompile>
    <ClCompile Include="src\LayerTable.cpp">
      <Filter>Source Files</Filter>
    </ClCompile>
    <ClCompile Include="src\LineTypeTable.cpp">
      <Filter>Source Files</Filter>
    </ClCompile>
    <ClCompile Include="src\ObjNameTableBase.cpp">
      <Filter>Source Files</Filter>
    </ClCompile>
    <ClCompile Include="src\TextStyleTable.cpp">
      <Filter>Source Files</Filter>
    </ClCompile>
  </ItemGroup>
  <ItemGroup>
    <ClInclude Include="inc\BlockTable.h">
      <Filter>Header Files</Filter>
    </ClInclude>
    <ClInclude Include="inc\ColorTable.h">
      <Filter>Header Files</Filter>
    </ClInclude>
    <ClInclude Include="inc\DxfNameTable.h">
      <Filter>Header Files</Filter>
    </ClInclude>
    <ClInclude Include="..\inc\1.0\DxfRead.h">
      <Filter>Header Files</Filter>
    </ClInclude>
    <ClInclude Include="inc\DxfReader.h">
      <Filter>Header Files</Filter>
    </ClInclude>
    <ClInclude Include="inc\HeaderTable.h">
      <Filter>Header Files</Filter>
    </ClInclude>
    <ClInclude Include="inc\IntNameTable.h">
      <Filter>Header Files</Filter>
    </ClInclude>
    <ClInclude Include="inc\LayerTable.h">
      <Filter>Header Files</Filter>
    </ClInclude>
    <ClInclude Include="inc\LineTypeTable.h">
      <Filter>Header Files</Filter>
    </ClInclude>
    <ClInclude Include="inc\ObjNameTable.h">
      <Filter>Header Files</Filter>
    </ClInclude>
    <ClInclude Include="inc\ObjNameTableBase.h">
      <Filter>Header Files</Filter>
    </ClInclude>
    <ClInclude Include="inc\ObjNameTableImp.h">
      <Filter>Header Files</Filter>
    </ClInclude>
    <ClInclude Include="inc\TextStyleTable.h">
      <Filter>Header Files</Filter>
    </ClInclude>
  </ItemGroup>
</Project>