Microsoft Visual Studio Solution File, Format Version 8.00
Project("{8BC9CEB8-8B4A-11D0-8D11-00A0C91BC942}") = "CodeWordLib", "CodeWordLib\CodeWordLib.vcproj", "{487ABDCA-1EBB-43FC-A61B-4807041BE6EE}"
	ProjectSection(ProjectDependencies) = postProject
	EndProjectSection
EndProject
Project("{8BC9CEB8-8B4A-11D0-8D11-00A0C91BC942}") = "EncCwLib", "EncCwLib\EncCwLib.vcproj", "{3AB7C0B6-073A-40F5-A08A-A8ED6FFC3C1E}"
	ProjectSection(ProjectDependencies) = postProject
	EndProjectSection
EndProject
Global
	GlobalSection(SolutionConfiguration) = preSolution
		Debug = Debug
		Release = Release
	EndGlobalSection
	GlobalSection(ProjectConfiguration) = postSolution
		{487ABDCA-1EBB-43FC-A61B-4807041BE6EE}.Debug.ActiveCfg = Debug|Win32
		{487ABDCA-1EBB-43FC-A61B-4807041BE6EE}.Debug.Build.0 = Debug|Win32
		{487ABDCA-1EBB-43FC-A61B-4807041BE6EE}.Release.ActiveCfg = Release|Win32
		{487ABDCA-1EBB-43FC-A61B-4807041BE6EE}.Release.Build.0 = Release|Win32
		{3AB7C0B6-073A-40F5-A08A-A8ED6FFC3C1E}.Debug.ActiveCfg = Debug|Win32
		{3AB7C0B6-073A-40F5-A08A-A8ED6FFC3C1E}.Debug.Build.0 = Debug|Win32
		{3AB7C0B6-073A-40F5-A08A-A8ED6FFC3C1E}.Release.ActiveCfg = Release|Win32
		{3AB7C0B6-073A-40F5-A08A-A8ED6FFC3C1E}.Release.Build.0 = Release|Win32
	EndGlobalSection
	GlobalSection(ExtensibilityGlobals) = postSolution
	EndGlobalSection
	GlobalSection(ExtensibilityAddIns) = postSolution
	EndGlobalSection
EndGlobal
