
Microsoft Visual Studio Solution File, Format Version 10.00
# Visual Studio 2008
Project("{8BC9CEB8-8B4A-11D0-8D11-00A0C91BC942}") = "Basics", "..\Basics\Basics.vcproj", "{E3B9C214-EA03-4C0E-8DD9-827DD6AC10F0}"
EndProject
Project("{8BC9CEB8-8B4A-11D0-8D11-00A0C91BC942}") = "CcdOut", "..\CcdOut\CcdOut.vcproj", "{9E7193B4-6352-4385-A191-55728541C50D}"
EndProject
Project("{8BC9CEB8-8B4A-11D0-8D11-00A0C91BC942}") = "cppstd", "..\cppstd\cppstd.vcproj", "{B344D9CC-C774-4CC8-AC82-25623944A418}"
EndProject
Project("{8BC9CEB8-8B4A-11D0-8D11-00A0C91BC942}") = "Dxf", "..\Dxf\Dxf.vcproj", "{6D175AF1-90D3-4B03-B293-D772D87E17E0}"
EndProject
Project("{8BC9CEB8-8B4A-11D0-8D11-00A0C91BC942}") = "Dxf3D", "..\Dxf3D\Dxf3D.vcproj", "{1870F774-8BED-48AE-A72A-8DC834E66F73}"
EndProject
Project("{8BC9CEB8-8B4A-11D0-8D11-00A0C91BC942}") = "DxfOut", "..\DxfOut\DxfOut.vcproj", "{44D7FB5B-7287-44D6-BBB6-65C425D98963}"
EndProject
Project("{8BC9CEB8-8B4A-11D0-8D11-00A0C91BC942}") = "Approx", "..\Geo\Approx\Approx.vcproj", "{26500B27-D7A1-4E85-9BAE-5E99ED73F6B6}"
EndProject
Project("{8BC9CEB8-8B4A-11D0-8D11-00A0C91BC942}") = "Contour", "..\Geo\Contour\Contour.vcproj", "{EFB14C10-944F-444A-B5A7-E8CD35B7F179}"
EndProject
Project("{8BC9CEB8-8B4A-11D0-8D11-00A0C91BC942}") = "MsrData", "..\Geo\MsrData\MsrData.vcproj", "{0B3E213E-7919-45B2-BFF8-44F0E40C8130}"
EndProject
Project("{8BC9CEB8-8B4A-11D0-8D11-00A0C91BC942}") = "Matrix", "..\Matrix\Matrix.vcproj", "{D1325B95-FF6F-4651-8522-6BE9521FC92C}"
EndProject
Project("{8BC9CEB8-8B4A-11D0-8D11-00A0C91BC942}") = "Persist", "..\Persist\Persist.vcproj", "{EF4379AB-DF77-48EF-B076-1F509FA80A4F}"
EndProject
Global
	GlobalSection(SolutionConfigurationPlatforms) = preSolution
		Debug Multithread DLL Wchar|Win32 = Debug Multithread DLL Wchar|Win32
		Debug Multithread DLL|Win32 = Debug Multithread DLL|Win32
		Debug Multithread|Win32 = Debug Multithread|Win32
		Debug Singlethread|Win32 = Debug Singlethread|Win32
		Release Multithread DLL Wchar|Win32 = Release Multithread DLL Wchar|Win32
		Release Multithread DLL|Win32 = Release Multithread DLL|Win32
		Release Multithread|Win32 = Release Multithread|Win32
		Release Singlethread|Win32 = Release Singlethread|Win32
	EndGlobalSection
	GlobalSection(ProjectConfigurationPlatforms) = postSolution
		{E3B9C214-EA03-4C0E-8DD9-827DD6AC10F0}.Debug Multithread DLL Wchar|Win32.ActiveCfg = Debug Multithread DLL Wchar|Win32
		{E3B9C214-EA03-4C0E-8DD9-827DD6AC10F0}.Debug Multithread DLL Wchar|Win32.Build.0 = Debug Multithread DLL Wchar|Win32
		{E3B9C214-EA03-4C0E-8DD9-827DD6AC10F0}.Debug Multithread DLL|Win32.ActiveCfg = Debug Multithread DLL|Win32
		{E3B9C214-EA03-4C0E-8DD9-827DD6AC10F0}.Debug Multithread DLL|Win32.Build.0 = Debug Multithread DLL|Win32
		{E3B9C214-EA03-4C0E-8DD9-827DD6AC10F0}.Debug Multithread|Win32.ActiveCfg = Debug Multithread|Win32
		{E3B9C214-EA03-4C0E-8DD9-827DD6AC10F0}.Debug Multithread|Win32.Build.0 = Debug Multithread|Win32
		{E3B9C214-EA03-4C0E-8DD9-827DD6AC10F0}.Debug Singlethread|Win32.ActiveCfg = Debug Singlethread|Win32
		{E3B9C214-EA03-4C0E-8DD9-827DD6AC10F0}.Debug Singlethread|Win32.Build.0 = Debug Singlethread|Win32
		{E3B9C214-EA03-4C0E-8DD9-827DD6AC10F0}.Release Multithread DLL Wchar|Win32.ActiveCfg = Release Multithread DLL Wchar|Win32
		{E3B9C214-EA03-4C0E-8DD9-827DD6AC10F0}.Release Multithread DLL Wchar|Win32.Build.0 = Release Multithread DLL Wchar|Win32
		{E3B9C214-EA03-4C0E-8DD9-827DD6AC10F0}.Release Multithread DLL|Win32.ActiveCfg = Release Multithread DLL|Win32
		{E3B9C214-EA03-4C0E-8DD9-827DD6AC10F0}.Release Multithread DLL|Win32.Build.0 = Release Multithread DLL|Win32
		{E3B9C214-EA03-4C0E-8DD9-827DD6AC10F0}.Release Multithread|Win32.ActiveCfg = Release Multithread|Win32
		{E3B9C214-EA03-4C0E-8DD9-827DD6AC10F0}.Release Multithread|Win32.Build.0 = Release Multithread|Win32
		{E3B9C214-EA03-4C0E-8DD9-827DD6AC10F0}.Release Singlethread|Win32.ActiveCfg = Release Singlethread|Win32
		{E3B9C214-EA03-4C0E-8DD9-827DD6AC10F0}.Release Singlethread|Win32.Build.0 = Release Singlethread|Win32
		{9E7193B4-6352-4385-A191-55728541C50D}.Debug Multithread DLL Wchar|Win32.ActiveCfg = Debug Multithread DLL Wchar|Win32
		{9E7193B4-6352-4385-A191-55728541C50D}.Debug Multithread DLL Wchar|Win32.Build.0 = Debug Multithread DLL Wchar|Win32
		{9E7193B4-6352-4385-A191-55728541C50D}.Debug Multithread DLL|Win32.ActiveCfg = Debug Multithread DLL|Win32
		{9E7193B4-6352-4385-A191-55728541C50D}.Debug Multithread DLL|Win32.Build.0 = Debug Multithread DLL|Win32
		{9E7193B4-6352-4385-A191-55728541C50D}.Debug Multithread|Win32.ActiveCfg = Debug Multithread|Win32
		{9E7193B4-6352-4385-A191-55728541C50D}.Debug Multithread|Win32.Build.0 = Debug Multithread|Win32
		{9E7193B4-6352-4385-A191-55728541C50D}.Debug Singlethread|Win32.ActiveCfg = Debug Singlethread|Win32
		{9E7193B4-6352-4385-A191-55728541C50D}.Debug Singlethread|Win32.Build.0 = Debug Singlethread|Win32
		{9E7193B4-6352-4385-A191-55728541C50D}.Release Multithread DLL Wchar|Win32.ActiveCfg = Release Multithread DLL Wchar|Win32
		{9E7193B4-6352-4385-A191-55728541C50D}.Release Multithread DLL Wchar|Win32.Build.0 = Release Multithread DLL Wchar|Win32
		{9E7193B4-6352-4385-A191-55728541C50D}.Release Multithread DLL|Win32.ActiveCfg = Release Multithread DLL|Win32
		{9E7193B4-6352-4385-A191-55728541C50D}.Release Multithread DLL|Win32.Build.0 = Release Multithread DLL|Win32
		{9E7193B4-6352-4385-A191-55728541C50D}.Release Multithread|Win32.ActiveCfg = Release Multithread|Win32
		{9E7193B4-6352-4385-A191-55728541C50D}.Release Multithread|Win32.Build.0 = Release Multithread|Win32
		{9E7193B4-6352-4385-A191-55728541C50D}.Release Singlethread|Win32.ActiveCfg = Release Singlethread|Win32
		{9E7193B4-6352-4385-A191-55728541C50D}.Release Singlethread|Win32.Build.0 = Release Singlethread|Win32
		{B344D9CC-C774-4CC8-AC82-25623944A418}.Debug Multithread DLL Wchar|Win32.ActiveCfg = Debug Multithread DLL Wchar|Win32
		{B344D9CC-C774-4CC8-AC82-25623944A418}.Debug Multithread DLL Wchar|Win32.Build.0 = Debug Multithread DLL Wchar|Win32
		{B344D9CC-C774-4CC8-AC82-25623944A418}.Debug Multithread DLL|Win32.ActiveCfg = Debug Multithread DLL|Win32
		{B344D9CC-C774-4CC8-AC82-25623944A418}.Debug Multithread DLL|Win32.Build.0 = Debug Multithread DLL|Win32
		{B344D9CC-C774-4CC8-AC82-25623944A418}.Debug Multithread|Win32.ActiveCfg = Debug Multithread|Win32
		{B344D9CC-C774-4CC8-AC82-25623944A418}.Debug Multithread|Win32.Build.0 = Debug Multithread|Win32
		{B344D9CC-C774-4CC8-AC82-25623944A418}.Debug Singlethread|Win32.ActiveCfg = Debug Singlethread|Win32
		{B344D9CC-C774-4CC8-AC82-25623944A418}.Debug Singlethread|Win32.Build.0 = Debug Singlethread|Win32
		{B344D9CC-C774-4CC8-AC82-25623944A418}.Release Multithread DLL Wchar|Win32.ActiveCfg = Release Multithread DLL Wchar|Win32
		{B344D9CC-C774-4CC8-AC82-25623944A418}.Release Multithread DLL Wchar|Win32.Build.0 = Release Multithread DLL Wchar|Win32
		{B344D9CC-C774-4CC8-AC82-25623944A418}.Release Multithread DLL|Win32.ActiveCfg = Release Multithread DLL|Win32
		{B344D9CC-C774-4CC8-AC82-25623944A418}.Release Multithread DLL|Win32.Build.0 = Release Multithread DLL|Win32
		{B344D9CC-C774-4CC8-AC82-25623944A418}.Release Multithread|Win32.ActiveCfg = Release Multithread|Win32
		{B344D9CC-C774-4CC8-AC82-25623944A418}.Release Multithread|Win32.Build.0 = Release Multithread|Win32
		{B344D9CC-C774-4CC8-AC82-25623944A418}.Release Singlethread|Win32.ActiveCfg = Release Singlethread|Win32
		{B344D9CC-C774-4CC8-AC82-25623944A418}.Release Singlethread|Win32.Build.0 = Release Singlethread|Win32
		{6D175AF1-90D3-4B03-B293-D772D87E17E0}.Debug Multithread DLL Wchar|Win32.ActiveCfg = Debug Multithread DLL Wchar|Win32
		{6D175AF1-90D3-4B03-B293-D772D87E17E0}.Debug Multithread DLL Wchar|Win32.Build.0 = Debug Multithread DLL Wchar|Win32
		{6D175AF1-90D3-4B03-B293-D772D87E17E0}.Debug Multithread DLL|Win32.ActiveCfg = Debug Multithread DLL|Win32
		{6D175AF1-90D3-4B03-B293-D772D87E17E0}.Debug Multithread DLL|Win32.Build.0 = Debug Multithread DLL|Win32
		{6D175AF1-90D3-4B03-B293-D772D87E17E0}.Debug Multithread|Win32.ActiveCfg = Debug Multithread|Win32
		{6D175AF1-90D3-4B03-B293-D772D87E17E0}.Debug Multithread|Win32.Build.0 = Debug Multithread|Win32
		{6D175AF1-90D3-4B03-B293-D772D87E17E0}.Debug Singlethread|Win32.ActiveCfg = Debug Singlethread|Win32
		{6D175AF1-90D3-4B03-B293-D772D87E17E0}.Debug Singlethread|Win32.Build.0 = Debug Singlethread|Win32
		{6D175AF1-90D3-4B03-B293-D772D87E17E0}.Release Multithread DLL Wchar|Win32.ActiveCfg = Release Multithread DLL Wchar|Win32
		{6D175AF1-90D3-4B03-B293-D772D87E17E0}.Release Multithread DLL Wchar|Win32.Build.0 = Release Multithread DLL Wchar|Win32
		{6D175AF1-90D3-4B03-B293-D772D87E17E0}.Release Multithread DLL|Win32.ActiveCfg = Release Multithread DLL|Win32
		{6D175AF1-90D3-4B03-B293-D772D87E17E0}.Release Multithread DLL|Win32.Build.0 = Release Multithread DLL|Win32
		{6D175AF1-90D3-4B03-B293-D772D87E17E0}.Release Multithread|Win32.ActiveCfg = Release Multithread|Win32
		{6D175AF1-90D3-4B03-B293-D772D87E17E0}.Release Multithread|Win32.Build.0 = Release Multithread|Win32
		{6D175AF1-90D3-4B03-B293-D772D87E17E0}.Release Singlethread|Win32.ActiveCfg = Release Singlethread|Win32
		{6D175AF1-90D3-4B03-B293-D772D87E17E0}.Release Singlethread|Win32.Build.0 = Release Singlethread|Win32
		{1870F774-8BED-48AE-A72A-8DC834E66F73}.Debug Multithread DLL Wchar|Win32.ActiveCfg = Debug Multithread DLL Wchar|Win32
		{1870F774-8BED-48AE-A72A-8DC834E66F73}.Debug Multithread DLL Wchar|Win32.Build.0 = Debug Multithread DLL Wchar|Win32
		{1870F774-8BED-48AE-A72A-8DC834E66F73}.Debug Multithread DLL|Win32.ActiveCfg = Debug Multithread DLL|Win32
		{1870F774-8BED-48AE-A72A-8DC834E66F73}.Debug Multithread DLL|Win32.Build.0 = Debug Multithread DLL|Win32
		{1870F774-8BED-48AE-A72A-8DC834E66F73}.Debug Multithread|Win32.ActiveCfg = Debug Multithread|Win32
		{1870F774-8BED-48AE-A72A-8DC834E66F73}.Debug Multithread|Win32.Build.0 = Debug Multithread|Win32
		{1870F774-8BED-48AE-A72A-8DC834E66F73}.Debug Singlethread|Win32.ActiveCfg = Debug Singlethread|Win32
		{1870F774-8BED-48AE-A72A-8DC834E66F73}.Debug Singlethread|Win32.Build.0 = Debug Singlethread|Win32
		{1870F774-8BED-48AE-A72A-8DC834E66F73}.Release Multithread DLL Wchar|Win32.ActiveCfg = Release Multithread DLL Wchar|Win32
		{1870F774-8BED-48AE-A72A-8DC834E66F73}.Release Multithread DLL Wchar|Win32.Build.0 = Release Multithread DLL Wchar|Win32
		{1870F774-8BED-48AE-A72A-8DC834E66F73}.Release Multithread DLL|Win32.ActiveCfg = Release Multithread DLL|Win32
		{1870F774-8BED-48AE-A72A-8DC834E66F73}.Release Multithread DLL|Win32.Build.0 = Release Multithread DLL|Win32
		{1870F774-8BED-48AE-A72A-8DC834E66F73}.Release Multithread|Win32.ActiveCfg = Release Multithread|Win32
		{1870F774-8BED-48AE-A72A-8DC834E66F73}.Release Multithread|Win32.Build.0 = Release Multithread|Win32
		{1870F774-8BED-48AE-A72A-8DC834E66F73}.Release Singlethread|Win32.ActiveCfg = Release Singlethread|Win32
		{1870F774-8BED-48AE-A72A-8DC834E66F73}.Release Singlethread|Win32.Build.0 = Release Singlethread|Win32
		{44D7FB5B-7287-44D6-BBB6-65C425D98963}.Debug Multithread DLL Wchar|Win32.ActiveCfg = Debug Multithread DLL Wchar|Win32
		{44D7FB5B-7287-44D6-BBB6-65C425D98963}.Debug Multithread DLL Wchar|Win32.Build.0 = Debug Multithread DLL Wchar|Win32
		{44D7FB5B-7287-44D6-BBB6-65C425D98963}.Debug Multithread DLL|Win32.ActiveCfg = Debug Multithread DLL|Win32
		{44D7FB5B-7287-44D6-BBB6-65C425D98963}.Debug Multithread DLL|Win32.Build.0 = Debug Multithread DLL|Win32
		{44D7FB5B-7287-44D6-BBB6-65C425D98963}.Debug Multithread|Win32.ActiveCfg = Debug Multithread|Win32
		{44D7FB5B-7287-44D6-BBB6-65C425D98963}.Debug Multithread|Win32.Build.0 = Debug Multithread|Win32
		{44D7FB5B-7287-44D6-BBB6-65C425D98963}.Debug Singlethread|Win32.ActiveCfg = Debug Singlethread|Win32
		{44D7FB5B-7287-44D6-BBB6-65C425D98963}.Debug Singlethread|Win32.Build.0 = Debug Singlethread|Win32
		{44D7FB5B-7287-44D6-BBB6-65C425D98963}.Release Multithread DLL Wchar|Win32.ActiveCfg = Release Multithread DLL Wchar|Win32
		{44D7FB5B-7287-44D6-BBB6-65C425D98963}.Release Multithread DLL Wchar|Win32.Build.0 = Release Multithread DLL Wchar|Win32
		{44D7FB5B-7287-44D6-BBB6-65C425D98963}.Release Multithread DLL|Win32.ActiveCfg = Release Multithread DLL|Win32
		{44D7FB5B-7287-44D6-BBB6-65C425D98963}.Release Multithread DLL|Win32.Build.0 = Release Multithread DLL|Win32
		{44D7FB5B-7287-44D6-BBB6-65C425D98963}.Release Multithread|Win32.ActiveCfg = Release Multithread|Win32
		{44D7FB5B-7287-44D6-BBB6-65C425D98963}.Release Multithread|Win32.Build.0 = Release Multithread|Win32
		{44D7FB5B-7287-44D6-BBB6-65C425D98963}.Release Singlethread|Win32.ActiveCfg = Release Singlethread|Win32
		{44D7FB5B-7287-44D6-BBB6-65C425D98963}.Release Singlethread|Win32.Build.0 = Release Singlethread|Win32
		{26500B27-D7A1-4E85-9BAE-5E99ED73F6B6}.Debug Multithread DLL Wchar|Win32.ActiveCfg = Debug Multithread DLL Wchar|Win32
		{26500B27-D7A1-4E85-9BAE-5E99ED73F6B6}.Debug Multithread DLL Wchar|Win32.Build.0 = Debug Multithread DLL Wchar|Win32
		{26500B27-D7A1-4E85-9BAE-5E99ED73F6B6}.Debug Multithread DLL|Win32.ActiveCfg = Debug Multithread DLL|Win32
		{26500B27-D7A1-4E85-9BAE-5E99ED73F6B6}.Debug Multithread DLL|Win32.Build.0 = Debug Multithread DLL|Win32
		{26500B27-D7A1-4E85-9BAE-5E99ED73F6B6}.Debug Multithread|Win32.ActiveCfg = Debug Multithread|Win32
		{26500B27-D7A1-4E85-9BAE-5E99ED73F6B6}.Debug Multithread|Win32.Build.0 = Debug Multithread|Win32
		{26500B27-D7A1-4E85-9BAE-5E99ED73F6B6}.Debug Singlethread|Win32.ActiveCfg = Debug Singlethread|Win32
		{26500B27-D7A1-4E85-9BAE-5E99ED73F6B6}.Debug Singlethread|Win32.Build.0 = Debug Singlethread|Win32
		{26500B27-D7A1-4E85-9BAE-5E99ED73F6B6}.Release Multithread DLL Wchar|Win32.ActiveCfg = Release Multithread DLL Wchar|Win32
		{26500B27-D7A1-4E85-9BAE-5E99ED73F6B6}.Release Multithread DLL Wchar|Win32.Build.0 = Release Multithread DLL Wchar|Win32
		{26500B27-D7A1-4E85-9BAE-5E99ED73F6B6}.Release Multithread DLL|Win32.ActiveCfg = Release Multithread DLL|Win32
		{26500B27-D7A1-4E85-9BAE-5E99ED73F6B6}.Release Multithread DLL|Win32.Build.0 = Release Multithread DLL|Win32
		{26500B27-D7A1-4E85-9BAE-5E99ED73F6B6}.Release Multithread|Win32.ActiveCfg = Release Multithread|Win32
		{26500B27-D7A1-4E85-9BAE-5E99ED73F6B6}.Release Multithread|Win32.Build.0 = Release Multithread|Win32
		{26500B27-D7A1-4E85-9BAE-5E99ED73F6B6}.Release Singlethread|Win32.ActiveCfg = Release Singlethread|Win32
		{26500B27-D7A1-4E85-9BAE-5E99ED73F6B6}.Release Singlethread|Win32.Build.0 = Release Singlethread|Win32
		{EFB14C10-944F-444A-B5A7-E8CD35B7F179}.Debug Multithread DLL Wchar|Win32.ActiveCfg = Debug Multithread DLL Wchar|Win32
		{EFB14C10-944F-444A-B5A7-E8CD35B7F179}.Debug Multithread DLL Wchar|Win32.Build.0 = Debug Multithread DLL Wchar|Win32
		{EFB14C10-944F-444A-B5A7-E8CD35B7F179}.Debug Multithread DLL|Win32.ActiveCfg = Debug Multithread DLL|Win32
		{EFB14C10-944F-444A-B5A7-E8CD35B7F179}.Debug Multithread DLL|Win32.Build.0 = Debug Multithread DLL|Win32
		{EFB14C10-944F-444A-B5A7-E8CD35B7F179}.Debug Multithread|Win32.ActiveCfg = Debug Multithread|Win32
		{EFB14C10-944F-444A-B5A7-E8CD35B7F179}.Debug Multithread|Win32.Build.0 = Debug Multithread|Win32
		{EFB14C10-944F-444A-B5A7-E8CD35B7F179}.Debug Singlethread|Win32.ActiveCfg = Debug Singlethread|Win32
		{EFB14C10-944F-444A-B5A7-E8CD35B7F179}.Debug Singlethread|Win32.Build.0 = Debug Singlethread|Win32
		{EFB14C10-944F-444A-B5A7-E8CD35B7F179}.Release Multithread DLL Wchar|Win32.ActiveCfg = Release Multithread DLL Wchar|Win32
		{EFB14C10-944F-444A-B5A7-E8CD35B7F179}.Release Multithread DLL Wchar|Win32.Build.0 = Release Multithread DLL Wchar|Win32
		{EFB14C10-944F-444A-B5A7-E8CD35B7F179}.Release Multithread DLL|Win32.ActiveCfg = Release Multithread DLL|Win32
		{EFB14C10-944F-444A-B5A7-E8CD35B7F179}.Release Multithread DLL|Win32.Build.0 = Release Multithread DLL|Win32
		{EFB14C10-944F-444A-B5A7-E8CD35B7F179}.Release Multithread|Win32.ActiveCfg = Release Multithread|Win32
		{EFB14C10-944F-444A-B5A7-E8CD35B7F179}.Release Multithread|Win32.Build.0 = Release Multithread|Win32
		{EFB14C10-944F-444A-B5A7-E8CD35B7F179}.Release Singlethread|Win32.ActiveCfg = Release Singlethread|Win32
		{EFB14C10-944F-444A-B5A7-E8CD35B7F179}.Release Singlethread|Win32.Build.0 = Release Singlethread|Win32
		{0B3E213E-7919-45B2-BFF8-44F0E40C8130}.Debug Multithread DLL Wchar|Win32.ActiveCfg = Debug Multithread DLL Wchar|Win32
		{0B3E213E-7919-45B2-BFF8-44F0E40C8130}.Debug Multithread DLL Wchar|Win32.Build.0 = Debug Multithread DLL Wchar|Win32
		{0B3E213E-7919-45B2-BFF8-44F0E40C8130}.Debug Multithread DLL|Win32.ActiveCfg = Debug Multithread DLL|Win32
		{0B3E213E-7919-45B2-BFF8-44F0E40C8130}.Debug Multithread DLL|Win32.Build.0 = Debug Multithread DLL|Win32
		{0B3E213E-7919-45B2-BFF8-44F0E40C8130}.Debug Multithread|Win32.ActiveCfg = Debug Multithread|Win32
		{0B3E213E-7919-45B2-BFF8-44F0E40C8130}.Debug Multithread|Win32.Build.0 = Debug Multithread|Win32
		{0B3E213E-7919-45B2-BFF8-44F0E40C8130}.Debug Singlethread|Win32.ActiveCfg = Debug Singlethread|Win32
		{0B3E213E-7919-45B2-BFF8-44F0E40C8130}.Debug Singlethread|Win32.Build.0 = Debug Singlethread|Win32
		{0B3E213E-7919-45B2-BFF8-44F0E40C8130}.Release Multithread DLL Wchar|Win32.ActiveCfg = Release Multithread DLL Wchar|Win32
		{0B3E213E-7919-45B2-BFF8-44F0E40C8130}.Release Multithread DLL Wchar|Win32.Build.0 = Release Multithread DLL Wchar|Win32
		{0B3E213E-7919-45B2-BFF8-44F0E40C8130}.Release Multithread DLL|Win32.ActiveCfg = Release Multithread DLL|Win32
		{0B3E213E-7919-45B2-BFF8-44F0E40C8130}.Release Multithread DLL|Win32.Build.0 = Release Multithread DLL|Win32
		{0B3E213E-7919-45B2-BFF8-44F0E40C8130}.Release Multithread|Win32.ActiveCfg = Release Multithread|Win32
		{0B3E213E-7919-45B2-BFF8-44F0E40C8130}.Release Multithread|Win32.Build.0 = Release Multithread|Win32
		{0B3E213E-7919-45B2-BFF8-44F0E40C8130}.Release Singlethread|Win32.ActiveCfg = Release Singlethread|Win32
		{0B3E213E-7919-45B2-BFF8-44F0E40C8130}.Release Singlethread|Win32.Build.0 = Release Singlethread|Win32
		{D1325B95-FF6F-4651-8522-6BE9521FC92C}.Debug Multithread DLL Wchar|Win32.ActiveCfg = Debug Multithread DLL Wchar|Win32
		{D1325B95-FF6F-4651-8522-6BE9521FC92C}.Debug Multithread DLL Wchar|Win32.Build.0 = Debug Multithread DLL Wchar|Win32
		{D1325B95-FF6F-4651-8522-6BE9521FC92C}.Debug Multithread DLL|Win32.ActiveCfg = Debug Multithread DLL|Win32
		{D1325B95-FF6F-4651-8522-6BE9521FC92C}.Debug Multithread DLL|Win32.Build.0 = Debug Multithread DLL|Win32
		{D1325B95-FF6F-4651-8522-6BE9521FC92C}.Debug Multithread|Win32.ActiveCfg = Debug Multithread|Win32
		{D1325B95-FF6F-4651-8522-6BE9521FC92C}.Debug Multithread|Win32.Build.0 = Debug Multithread|Win32
		{D1325B95-FF6F-4651-8522-6BE9521FC92C}.Debug Singlethread|Win32.ActiveCfg = Debug Singlethread|Win32
		{D1325B95-FF6F-4651-8522-6BE9521FC92C}.Debug Singlethread|Win32.Build.0 = Debug Singlethread|Win32
		{D1325B95-FF6F-4651-8522-6BE9521FC92C}.Release Multithread DLL Wchar|Win32.ActiveCfg = Release Multithread DLL Wchar|Win32
		{D1325B95-FF6F-4651-8522-6BE9521FC92C}.Release Multithread DLL Wchar|Win32.Build.0 = Release Multithread DLL Wchar|Win32
		{D1325B95-FF6F-4651-8522-6BE9521FC92C}.Release Multithread DLL|Win32.ActiveCfg = Release Multithread DLL|Win32
		{D1325B95-FF6F-4651-8522-6BE9521FC92C}.Release Multithread DLL|Win32.Build.0 = Release Multithread DLL|Win32
		{D1325B95-FF6F-4651-8522-6BE9521FC92C}.Release Multithread|Win32.ActiveCfg = Release Multithread|Win32
		{D1325B95-FF6F-4651-8522-6BE9521FC92C}.Release Multithread|Win32.Build.0 = Release Multithread|Win32
		{D1325B95-FF6F-4651-8522-6BE9521FC92C}.Release Singlethread|Win32.ActiveCfg = Release Singlethread|Win32
		{D1325B95-FF6F-4651-8522-6BE9521FC92C}.Release Singlethread|Win32.Build.0 = Release Singlethread|Win32
		{EF4379AB-DF77-48EF-B076-1F509FA80A4F}.Debug Multithread DLL Wchar|Win32.ActiveCfg = Debug Multithread DLL Wchar|Win32
		{EF4379AB-DF77-48EF-B076-1F509FA80A4F}.Debug Multithread DLL Wchar|Win32.Build.0 = Debug Multithread DLL Wchar|Win32
		{EF4379AB-DF77-48EF-B076-1F509FA80A4F}.Debug Multithread DLL|Win32.ActiveCfg = Debug Multithread DLL|Win32
		{EF4379AB-DF77-48EF-B076-1F509FA80A4F}.Debug Multithread DLL|Win32.Build.0 = Debug Multithread DLL|Win32
		{EF4379AB-DF77-48EF-B076-1F509FA80A4F}.Debug Multithread|Win32.ActiveCfg = Debug Multithread|Win32
		{EF4379AB-DF77-48EF-B076-1F509FA80A4F}.Debug Multithread|Win32.Build.0 = Debug Multithread|Win32
		{EF4379AB-DF77-48EF-B076-1F509FA80A4F}.Debug Singlethread|Win32.ActiveCfg = Debug Singlethread|Win32
		{EF4379AB-DF77-48EF-B076-1F509FA80A4F}.Debug Singlethread|Win32.Build.0 = Debug Singlethread|Win32
		{EF4379AB-DF77-48EF-B076-1F509FA80A4F}.Release Multithread DLL Wchar|Win32.ActiveCfg = Release Multithread DLL Wchar|Win32
		{EF4379AB-DF77-48EF-B076-1F509FA80A4F}.Release Multithread DLL Wchar|Win32.Build.0 = Release Multithread DLL Wchar|Win32
		{EF4379AB-DF77-48EF-B076-1F509FA80A4F}.Release Multithread DLL|Win32.ActiveCfg = Release Multithread DLL|Win32
		{EF4379AB-DF77-48EF-B076-1F509FA80A4F}.Release Multithread DLL|Win32.Build.0 = Release Multithread DLL|Win32
		{EF4379AB-DF77-48EF-B076-1F509FA80A4F}.Release Multithread|Win32.ActiveCfg = Release Multithread|Win32
		{EF4379AB-DF77-48EF-B076-1F509FA80A4F}.Release Multithread|Win32.Build.0 = Release Multithread|Win32
		{EF4379AB-DF77-48EF-B076-1F509FA80A4F}.Release Singlethread|Win32.ActiveCfg = Release Singlethread|Win32
		{EF4379AB-DF77-48EF-B076-1F509FA80A4F}.Release Singlethread|Win32.Build.0 = Release Singlethread|Win32
	EndGlobalSection
	GlobalSection(SolutionProperties) = preSolution
		HideSolutionNode = FALSE
	EndGlobalSection
EndGlobal
