<?xml version="1.0" encoding="utf-8"?>
<Project ToolsVersion="4.0" xmlns="http://schemas.microsoft.com/developer/msbuild/2003">
  <ItemGroup>
    <Filter Include="Source Files">
      <UniqueIdentifier>{3ee3c262-dbef-4671-9d82-b8b45af4060d}</UniqueIdentifier>
      <Extensions>cpp;c;cxx;rc;def;r;odl;idl;hpj;bat</Extensions>
    </Filter>
    <Filter Include="Header Files">
      <UniqueIdentifier>{456ca6dd-da01-4ebb-ab54-a03fb846e510}</UniqueIdentifier>
      <Extensions>h;hpp;hxx;hm;inl</Extensions>
    </Filter>
  </ItemGroup>
  <ItemGroup>
    <ClCompile Include="src\contisct1.cpp">
      <Filter>Source Files</Filter>
    </ClCompile>
    <ClCompile Include="src\Contisct2.cpp">
      <Filter>Source Files</Filter>
    </ClCompile>
    <ClCompile Include="src\contour.cpp">
      <Filter>Source Files</Filter>
    </ClCompile>
    <ClCompile Include="src\contouri.cpp">
      <Filter>Source Files</Filter>
    </ClCompile>
    <ClCompile Include="src\el_arc.cpp">
      <Filter>Source Files</Filter>
    </ClCompile>
    <ClCompile Include="src\el_cir.cpp">
      <Filter>Source Files</Filter>
    </ClCompile>
    <ClCompile Include="src\el_line.cpp">
      <Filter>Source Files</Filter>
    </ClCompile>
    <ClCompile Include="src\elem.cpp">
      <Filter>Source Files</Filter>
    </ClCompile>
    <ClCompile Include="src\geo.cpp">
      <Filter>Source Files</Filter>
    </ClCompile>
    <ClCompile Include="src\isect.cpp">
      <Filter>Source Files</Filter>
    </ClCompile>
    <ClCompile Include="src\sub_rect.cpp">
      <Filter>Source Files</Filter>
    </ClCompile>
  </ItemGroup>
  <ItemGroup>
    <None Include="src\cntpanic.hi">
      <Filter>Header Files</Filter>
    </None>
    <None Include="src\contisct.hi">
      <Filter>Header Files</Filter>
    </None>
    <None Include="src\contouri.hi">
      <Filter>Header Files</Filter>
    </None>
    <None Include="src\sub_rect.hi">
      <Filter>Header Files</Filter>
    </None>
  </ItemGroup>
  <ItemGroup>
    <ClInclude Include="..\..\inc\Geo\1.0\Contour.h">
      <Filter>Header Files</Filter>
    </ClInclude>
    <ClInclude Include="..\..\inc\Geo\1.0\El_Arc.h">
      <Filter>Header Files</Filter>
    </ClInclude>
    <ClInclude Include="..\..\inc\Geo\1.0\El_Cir.h">
      <Filter>Header Files</Filter>
    </ClInclude>
    <ClInclude Include="..\..\inc\Geo\1.0\El_Info.h">
      <Filter>Header Files</Filter>
    </ClInclude>
    <ClInclude Include="..\..\inc\Geo\1.0\El_Line.h">
      <Filter>Header Files</Filter>
    </ClInclude>
    <ClInclude Include="..\..\inc\Geo\1.0\Elem.h">
      <Filter>Header Files</Filter>
    </ClInclude>
    <ClInclude Include="..\..\inc\Geo\1.0\Geo.h">
      <Filter>Header Files</Filter>
    </ClInclude>
    <ClInclude Include="..\..\inc\Geo\1.0\Isect.h">
      <Filter>Header Files</Filter>
    </ClInclude>
  </ItemGroup>
</Project>