<?xml version="1.0" encoding="utf-8"?>
<Project ToolsVersion="4.0" xmlns="http://schemas.microsoft.com/developer/msbuild/2003">
  <ItemGroup>
    <Filter Include="Source Files">
      <UniqueIdentifier>{4FC737F1-C7A5-4376-A066-2A32D752A2FF}</UniqueIdentifier>
      <Extensions>cpp;cxx;c;def</Extensions>
    </Filter>
    <Filter Include="Header Files">
      <UniqueIdentifier>{93995380-89BD-4b04-88EB-625FBE52EBFB}</UniqueIdentifier>
      <Extensions>h</Extensions>
    </Filter>
    <Filter Include="Form Files">
      <UniqueIdentifier>{99349809-55BA-4b9d-BF79-8FDBB0286EB3}</UniqueIdentifier>
      <Extensions>ui</Extensions>
    </Filter>
    <Filter Include="Resource Files">
      <UniqueIdentifier>{D9D6E242-F8AF-46E4-B9FD-80ECBC20BA3E}</UniqueIdentifier>
      <Extensions>qrc;*</Extensions>
      <ParseFiles>false</ParseFiles>
    </Filter>
    <Filter Include="Generated Files">
      <UniqueIdentifier>{71ED8ED8-ACB9-4CE9-BBE1-E00B30144E11}</UniqueIdentifier>
      <Extensions>moc;h;cpp</Extensions>
      <SourceControlFiles>False</SourceControlFiles>
    </Filter>
    <Filter Include="Lang">
      <UniqueIdentifier>{5da78e09-65d4-4db6-80b8-59f5d7b55dc7}</UniqueIdentifier>
    </Filter>
    <Filter Include="Translation Files">
      <UniqueIdentifier>{639EADAA-A684-42e4-A9AD-28FC9BCB8F7C}</UniqueIdentifier>
      <Extensions>ts</Extensions>
      <ParseFiles>false</ParseFiles>
    </Filter>
  </ItemGroup>
  <ItemGroup>
    <ClCompile Include="src\Smtp.cpp">
      <Filter>Source Files</Filter>
    </ClCompile>
    <ClCompile Include="src\SmtpAttachmentWriter.cpp">
      <Filter>Source Files</Filter>
    </ClCompile>
    <ClCompile Include="src\SmtpZipWriter.cpp">
      <Filter>Source Files</Filter>
    </ClCompile>
    <ClCompile Include="GeneratedFiles\Release Multithread DLL\moc_Smtp.cpp">
      <Filter>Generated Files</Filter>
    </ClCompile>
    <ClCompile Include="GeneratedFiles\Debug Multithread DLL\moc_Smtp.cpp">
      <Filter>Generated Files</Filter>
    </ClCompile>
    <ClCompile Include="GeneratedFiles\qrc_AWQt.cpp">
      <Filter>Generated Files</Filter>
    </ClCompile>
  </ItemGroup>
  <ItemGroup>
    <ClInclude Include="inc\SmtpAttachmentWriter.h">
      <Filter>Header Files</Filter>
    </ClInclude>
    <ClInclude Include="inc\SmtpZipWriter.h">
      <Filter>Header Files</Filter>
    </ClInclude>
  </ItemGroup>
  <ItemGroup>
    <None Include="Resources\Deutsch.qm">
      <Filter>Resource Files</Filter>
    </None>
    <None Include="Resources\Espanol.qm">
      <Filter>Resource Files</Filter>
    </None>
    <None Include="Resources\Francais.qm">
      <Filter>Resource Files</Filter>
    </None>
    <None Include="Resources\Greek.qm">
      <Filter>Resource Files</Filter>
    </None>
    <None Include="Resources\Italiano.qm">
      <Filter>Resource Files</Filter>
    </None>
    <None Include="Resources\Japanese.qm">
      <Filter>Resource Files</Filter>
    </None>
    <None Include="Resources\Nederlands.qm">
      <Filter>Resource Files</Filter>
    </None>
    <None Include="Resources\Portuguese.qm">
      <Filter>Resource Files</Filter>
    </None>
    <None Include="lang\Deutsch.ts">
      <Filter>Lang</Filter>
    </None>
    <None Include="lang\Espanol.ts">
      <Filter>Lang</Filter>
    </None>
    <None Include="lang\Francais.ts">
      <Filter>Lang</Filter>
    </None>
    <None Include="lang\Greek.ts">
      <Filter>Lang</Filter>
    </None>
    <None Include="lang\Italiano.ts">
      <Filter>Lang</Filter>
    </None>
    <None Include="lang\Japanese.ts">
      <Filter>Lang</Filter>
    </None>
    <None Include="lang\Nederlands.ts">
      <Filter>Lang</Filter>
    </None>
    <None Include="lang\Portuguese.ts">
      <Filter>Lang</Filter>
    </None>
    <None Include="lang\Rossiya.ts">
      <Filter>Lang</Filter>
    </None>
  </ItemGroup>
  <ItemGroup>
    <CustomBuild Include="..\inc\1.0\Smtp.h">
      <Filter>Header Files</Filter>
    </CustomBuild>
    <CustomBuild Include="Resources\AWQt.qrc">
      <Filter>Resource Files</Filter>
    </CustomBuild>
  </ItemGroup>
</Project>