<?xml version="1.0" encoding="utf-8"?>
<Project ToolsVersion="4.0" xmlns="http://schemas.microsoft.com/developer/msbuild/2003">
  <ItemGroup>
    <Filter Include="Source Files">
      <UniqueIdentifier>{4FC737F1-C7A5-4376-A066-2A32D752A2FF}</UniqueIdentifier>
      <Extensions>cpp;c;cxx;def;odl;idl;hpj;bat;asm;asmx</Extensions>
    </Filter>
    <Filter Include="Header Files">
      <UniqueIdentifier>{93995380-89BD-4b04-88EB-625FBE52EBFB}</UniqueIdentifier>
      <Extensions>h;hpp;hxx;hm;inl;inc;xsd</Extensions>
    </Filter>
    <Filter Include="Resource Files">
      <UniqueIdentifier>{67DA6AB6-F800-4c08-8B7A-83BB121AAD01}</UniqueIdentifier>
      <Extensions>rc;ico;cur;bmp;dlg;rc2;rct;bin;rgs;gif;jpg;jpeg;jpe;resx</Extensions>
    </Filter>
  </ItemGroup>
  <ItemGroup>
    <ClCompile Include="src\BlockTable3D.cpp">
      <Filter>Source Files</Filter>
    </ClCompile>
    <ClCompile Include="src\ColorTable3D.cpp">
      <Filter>Source Files</Filter>
    </ClCompile>
    <ClCompile Include="src\DxfBlock3D.cpp">
      <Filter>Source Files</Filter>
    </ClCompile>
    <ClCompile Include="src\DxfLayer3D.cpp">
      <Filter>Source Files</Filter>
    </ClCompile>
    <ClCompile Include="src\DxfLineType3D.cpp">
      <Filter>Source Files</Filter>
    </ClCompile>
    <ClCompile Include="src\DxfNameTable3D.cpp">
      <Filter>Source Files</Filter>
    </ClCompile>
    <ClCompile Include="src\DxfPattern3D.cpp">
      <Filter>Source Files</Filter>
    </ClCompile>
    <ClCompile Include="src\DxfRead3D.cpp">
      <Filter>Source Files</Filter>
    </ClCompile>
    <ClCompile Include="src\DxfReader3D.cpp">
      <Filter>Source Files</Filter>
    </ClCompile>
    <ClCompile Include="src\HeaderTable3D.cpp">
      <Filter>Source Files</Filter>
    </ClCompile>
    <ClCompile Include="src\IntNameTable3D.cpp">
      <Filter>Source Files</Filter>
    </ClCompile>
    <ClCompile Include="src\LayerTable3D.cpp">
      <Filter>Source Files</Filter>
    </ClCompile>
    <ClCompile Include="src\LineTypeTable3D.cpp">
      <Filter>Source Files</Filter>
    </ClCompile>
    <ClCompile Include="src\ObjNameTableBase3D.cpp">
      <Filter>Source Files</Filter>
    </ClCompile>
    <ClCompile Include="src\TextStyleTable3D.cpp">
      <Filter>Source Files</Filter>
    </ClCompile>
  </ItemGroup>
  <ItemGroup>
    <ClInclude Include="inc\BlockTable3D.h">
      <Filter>Header Files</Filter>
    </ClInclude>
    <ClInclude Include="inc\ColorTable3D.h">
      <Filter>Header Files</Filter>
    </ClInclude>
    <ClInclude Include="inc\DxfNameTable3D.h">
      <Filter>Header Files</Filter>
    </ClInclude>
    <ClInclude Include="..\inc\1.0\DxfRead3D.h">
      <Filter>Header Files</Filter>
    </ClInclude>
    <ClInclude Include="inc\DxfReader3D.h">
      <Filter>Header Files</Filter>
    </ClInclude>
    <ClInclude Include="inc\HeaderTable3D.h">
      <Filter>Header Files</Filter>
    </ClInclude>
    <ClInclude Include="inc\IntNameTable3D.h">
      <Filter>Header Files</Filter>
    </ClInclude>
    <ClInclude Include="inc\LayerTable3D.h">
      <Filter>Header Files</Filter>
    </ClInclude>
    <ClInclude Include="inc\LineTypeTable3D.h">
      <Filter>Header Files</Filter>
    </ClInclude>
    <ClInclude Include="inc\ObjNameTable3D.h">
      <Filter>Header Files</Filter>
    </ClInclude>
    <ClInclude Include="inc\ObjNameTableBase3D.h">
      <Filter>Header Files</Filter>
    </ClInclude>
    <ClInclude Include="inc\ObjNameTableImp3D.h">
      <Filter>Header Files</Filter>
    </ClInclude>
    <ClInclude Include="inc\TextStyleTable3D.h">
      <Filter>Header Files</Filter>
    </ClInclude>
  </ItemGroup>
</Project>